// !$*UTF8*$!
{
	archiveVersion = 1;
	classes = {
	};
	objectVersion = 56;
	objects = {

/* Begin PBXBuildFile section */
		E0239B9E2B1A987B0034EFE5 /* TimerView.swift in Sources */ = {isa = PBXBuildFile; fileRef = E0239B9D2B1A987B0034EFE5 /* TimerView.swift */; };
		E0472D972B1B8E7200762B15 /* FakeData.swift in Sources */ = {isa = PBXBuildFile; fileRef = E0472D962B1B8E7200762B15 /* FakeData.swift */; };
		E0472D9C2B1B9E0500762B15 /* GameSummaryView.swift in Sources */ = {isa = PBXBuildFile; fileRef = E0472D9B2B1B9E0500762B15 /* GameSummaryView.swift */; };
		E051F2292B18DA9F000462D6 /* ModelSchemaV1.swift in Sources */ = {isa = PBXBuildFile; fileRef = E051F2282B18DA9F000462D6 /* ModelSchemaV1.swift */; };
		E06B1ADC2B166BFF007F174B /* HomeView.swift in Sources */ = {isa = PBXBuildFile; fileRef = E06B1ADB2B166BFF007F174B /* HomeView.swift */; };
		E08A7F4A2B1B84E300008157 /* FirebaseAuth in Frameworks */ = {isa = PBXBuildFile; productRef = E08A7F492B1B84E300008157 /* FirebaseAuth */; };
		E08A7F4C2B1B84E300008157 /* FirebaseFirestore in Frameworks */ = {isa = PBXBuildFile; productRef = E08A7F4B2B1B84E300008157 /* FirebaseFirestore */; };
		E08A7F4E2B1B84E300008157 /* FirebaseFirestoreSwift in Frameworks */ = {isa = PBXBuildFile; productRef = E08A7F4D2B1B84E300008157 /* FirebaseFirestoreSwift */; };
		E08BC49C2B16770200FAE34D /* Utils.swift in Sources */ = {isa = PBXBuildFile; fileRef = E08BC49B2B16770200FAE34D /* Utils.swift */; };
		E08BC49F2B167E4200FAE34D /* HomeButton.swift in Sources */ = {isa = PBXBuildFile; fileRef = E08BC49E2B167E4200FAE34D /* HomeButton.swift */; };
		E08BC4A62B1687C500FAE34D /* Letters.swift in Sources */ = {isa = PBXBuildFile; fileRef = E08BC4A52B1687C500FAE34D /* Letters.swift */; };
		E091B0152B122E1E00B78472 /* WordAdventureApp.swift in Sources */ = {isa = PBXBuildFile; fileRef = E091B0142B122E1E00B78472 /* WordAdventureApp.swift */; };
		E091B0172B122E1E00B78472 /* ContentView.swift in Sources */ = {isa = PBXBuildFile; fileRef = E091B0162B122E1E00B78472 /* ContentView.swift */; };
		E091B0192B122E1F00B78472 /* Assets.xcassets in Resources */ = {isa = PBXBuildFile; fileRef = E091B0182B122E1F00B78472 /* Assets.xcassets */; };
		E091B01C2B122E1F00B78472 /* Preview Assets.xcassets in Resources */ = {isa = PBXBuildFile; fileRef = E091B01B2B122E1F00B78472 /* Preview Assets.xcassets */; };
		E091B0262B122E1F00B78472 /* WordAdventureTests.swift in Sources */ = {isa = PBXBuildFile; fileRef = E091B0252B122E1F00B78472 /* WordAdventureTests.swift */; };
		E091B0302B122E1F00B78472 /* WordAdventureUITests.swift in Sources */ = {isa = PBXBuildFile; fileRef = E091B02F2B122E1F00B78472 /* WordAdventureUITests.swift */; };
		E091B0322B122E1F00B78472 /* WordAdventureUITestsLaunchTests.swift in Sources */ = {isa = PBXBuildFile; fileRef = E091B0312B122E1F00B78472 /* WordAdventureUITestsLaunchTests.swift */; };
		E091B03F2B12321A00B78472 /* GoogleService-Info.plist in Resources */ = {isa = PBXBuildFile; fileRef = E091B03E2B12321A00B78472 /* GoogleService-Info.plist */; };
		E0AD04DD2B18EBDD00F65098 /* SwiftData+Typealiases.swift in Sources */ = {isa = PBXBuildFile; fileRef = E0AD04DC2B18EBDD00F65098 /* SwiftData+Typealiases.swift */; };
		E0AD04E12B19007C00F65098 /* SplashView.swift in Sources */ = {isa = PBXBuildFile; fileRef = E0AD04E02B19007C00F65098 /* SplashView.swift */; };
		E0AD04E42B190C6700F65098 /* DailyGameView.swift in Sources */ = {isa = PBXBuildFile; fileRef = E0AD04E32B190C6700F65098 /* DailyGameView.swift */; };
		E0AD04E62B190CA600F65098 /* DailyGameViewModel.swift in Sources */ = {isa = PBXBuildFile; fileRef = E0AD04E52B190CA600F65098 /* DailyGameViewModel.swift */; };
		E0AD04E82B1915E300F65098 /* LetterView.swift in Sources */ = {isa = PBXBuildFile; fileRef = E0AD04E72B1915E300F65098 /* LetterView.swift */; };
		E0AD04EA2B19161200F65098 /* View.swift in Sources */ = {isa = PBXBuildFile; fileRef = E0AD04E92B19161200F65098 /* View.swift */; };
		E0AD04EC2B1933C800F65098 /* GameHeader.swift in Sources */ = {isa = PBXBuildFile; fileRef = E0AD04EB2B1933C800F65098 /* GameHeader.swift */; };
		E0E6C7E32B1BA92D00146C5F /* BottomBarView.swift in Sources */ = {isa = PBXBuildFile; fileRef = E0E6C7E22B1BA92D00146C5F /* BottomBarView.swift */; };
		E0E6C7E52B1BB19900146C5F /* ScoreView.swift in Sources */ = {isa = PBXBuildFile; fileRef = E0E6C7E42B1BB19900146C5F /* ScoreView.swift */; };
		E0E6C7EA2B1BBA2D00146C5F /* ScoreItem.swift in Sources */ = {isa = PBXBuildFile; fileRef = E0E6C7E92B1BBA2D00146C5F /* ScoreItem.swift */; };
		E0E6C7EC2B1BBAFC00146C5F /* NextGameTimer.swift in Sources */ = {isa = PBXBuildFile; fileRef = E0E6C7EB2B1BBAFB00146C5F /* NextGameTimer.swift */; };
		E0E6C7EE2B1BC41F00146C5F /* ShareButton.swift in Sources */ = {isa = PBXBuildFile; fileRef = E0E6C7ED2B1BC41F00146C5F /* ShareButton.swift */; };
		E0E6C7F12B1BC9E300146C5F /* AnswersView.swift in Sources */ = {isa = PBXBuildFile; fileRef = E0E6C7F02B1BC9E300146C5F /* AnswersView.swift */; };
		E0F913172B17A09B00BDE3F0 /* Question.swift in Sources */ = {isa = PBXBuildFile; fileRef = E0F913162B17A09A00BDE3F0 /* Question.swift */; };
		E0F9131C2B17A3BD00BDE3F0 /* FirebaseManager.swift in Sources */ = {isa = PBXBuildFile; fileRef = E0F9131B2B17A3BD00BDE3F0 /* FirebaseManager.swift */; };
/* End PBXBuildFile section */

/* Begin PBXContainerItemProxy section */
		E091B0222B122E1F00B78472 /* PBXContainerItemProxy */ = {
			isa = PBXContainerItemProxy;
			containerPortal = E091B0092B122E1E00B78472 /* Project object */;
			proxyType = 1;
			remoteGlobalIDString = E091B0102B122E1E00B78472;
			remoteInfo = WordAdventure;
		};
		E091B02C2B122E1F00B78472 /* PBXContainerItemProxy */ = {
			isa = PBXContainerItemProxy;
			containerPortal = E091B0092B122E1E00B78472 /* Project object */;
			proxyType = 1;
			remoteGlobalIDString = E091B0102B122E1E00B78472;
			remoteInfo = WordAdventure;
		};
/* End PBXContainerItemProxy section */

/* Begin PBXFileReference section */
		E0239B9D2B1A987B0034EFE5 /* TimerView.swift */ = {isa = PBXFileReference; lastKnownFileType = sourcecode.swift; path = TimerView.swift; sourceTree = "<group>"; };
		E0472D962B1B8E7200762B15 /* FakeData.swift */ = {isa = PBXFileReference; lastKnownFileType = sourcecode.swift; path = FakeData.swift; sourceTree = "<group>"; };
		E0472D9B2B1B9E0500762B15 /* GameSummaryView.swift */ = {isa = PBXFileReference; lastKnownFileType = sourcecode.swift; path = GameSummaryView.swift; sourceTree = "<group>"; };
		E051F2282B18DA9F000462D6 /* ModelSchemaV1.swift */ = {isa = PBXFileReference; lastKnownFileType = sourcecode.swift; path = ModelSchemaV1.swift; sourceTree = "<group>"; };
		E06B1ADB2B166BFF007F174B /* HomeView.swift */ = {isa = PBXFileReference; lastKnownFileType = sourcecode.swift; path = HomeView.swift; sourceTree = "<group>"; };
		E08BC49B2B16770200FAE34D /* Utils.swift */ = {isa = PBXFileReference; lastKnownFileType = sourcecode.swift; path = Utils.swift; sourceTree = "<group>"; };
		E08BC49E2B167E4200FAE34D /* HomeButton.swift */ = {isa = PBXFileReference; lastKnownFileType = sourcecode.swift; path = HomeButton.swift; sourceTree = "<group>"; };
		E08BC4A52B1687C500FAE34D /* Letters.swift */ = {isa = PBXFileReference; lastKnownFileType = sourcecode.swift; path = Letters.swift; sourceTree = "<group>"; };
		E091B0112B122E1E00B78472 /* WordAdventure.app */ = {isa = PBXFileReference; explicitFileType = wrapper.application; includeInIndex = 0; path = WordAdventure.app; sourceTree = BUILT_PRODUCTS_DIR; };
		E091B0142B122E1E00B78472 /* WordAdventureApp.swift */ = {isa = PBXFileReference; lastKnownFileType = sourcecode.swift; path = WordAdventureApp.swift; sourceTree = "<group>"; };
		E091B0162B122E1E00B78472 /* ContentView.swift */ = {isa = PBXFileReference; lastKnownFileType = sourcecode.swift; path = ContentView.swift; sourceTree = "<group>"; };
		E091B0182B122E1F00B78472 /* Assets.xcassets */ = {isa = PBXFileReference; lastKnownFileType = folder.assetcatalog; path = Assets.xcassets; sourceTree = "<group>"; };
		E091B01B2B122E1F00B78472 /* Preview Assets.xcassets */ = {isa = PBXFileReference; lastKnownFileType = folder.assetcatalog; path = "Preview Assets.xcassets"; sourceTree = "<group>"; };
		E091B0212B122E1F00B78472 /* WordAdventureTests.xctest */ = {isa = PBXFileReference; explicitFileType = wrapper.cfbundle; includeInIndex = 0; path = WordAdventureTests.xctest; sourceTree = BUILT_PRODUCTS_DIR; };
		E091B0252B122E1F00B78472 /* WordAdventureTests.swift */ = {isa = PBXFileReference; lastKnownFileType = sourcecode.swift; path = WordAdventureTests.swift; sourceTree = "<group>"; };
		E091B02B2B122E1F00B78472 /* WordAdventureUITests.xctest */ = {isa = PBXFileReference; explicitFileType = wrapper.cfbundle; includeInIndex = 0; path = WordAdventureUITests.xctest; sourceTree = BUILT_PRODUCTS_DIR; };
		E091B02F2B122E1F00B78472 /* WordAdventureUITests.swift */ = {isa = PBXFileReference; lastKnownFileType = sourcecode.swift; path = WordAdventureUITests.swift; sourceTree = "<group>"; };
		E091B0312B122E1F00B78472 /* WordAdventureUITestsLaunchTests.swift */ = {isa = PBXFileReference; lastKnownFileType = sourcecode.swift; path = WordAdventureUITestsLaunchTests.swift; sourceTree = "<group>"; };
		E091B03E2B12321A00B78472 /* GoogleService-Info.plist */ = {isa = PBXFileReference; fileEncoding = 4; lastKnownFileType = text.plist.xml; name = "GoogleService-Info.plist"; path = "../../GoogleService-Info.plist"; sourceTree = "<group>"; };
		E0AD04DC2B18EBDD00F65098 /* SwiftData+Typealiases.swift */ = {isa = PBXFileReference; lastKnownFileType = sourcecode.swift; path = "SwiftData+Typealiases.swift"; sourceTree = "<group>"; };
		E0AD04E02B19007C00F65098 /* SplashView.swift */ = {isa = PBXFileReference; lastKnownFileType = sourcecode.swift; path = SplashView.swift; sourceTree = "<group>"; };
		E0AD04E32B190C6700F65098 /* DailyGameView.swift */ = {isa = PBXFileReference; lastKnownFileType = sourcecode.swift; path = DailyGameView.swift; sourceTree = "<group>"; };
		E0AD04E52B190CA600F65098 /* DailyGameViewModel.swift */ = {isa = PBXFileReference; lastKnownFileType = sourcecode.swift; path = DailyGameViewModel.swift; sourceTree = "<group>"; };
		E0AD04E72B1915E300F65098 /* LetterView.swift */ = {isa = PBXFileReference; lastKnownFileType = sourcecode.swift; path = LetterView.swift; sourceTree = "<group>"; };
		E0AD04E92B19161200F65098 /* View.swift */ = {isa = PBXFileReference; lastKnownFileType = sourcecode.swift; path = View.swift; sourceTree = "<group>"; };
		E0AD04EB2B1933C800F65098 /* GameHeader.swift */ = {isa = PBXFileReference; lastKnownFileType = sourcecode.swift; path = GameHeader.swift; sourceTree = "<group>"; };
		E0E6C7E22B1BA92D00146C5F /* BottomBarView.swift */ = {isa = PBXFileReference; lastKnownFileType = sourcecode.swift; path = BottomBarView.swift; sourceTree = "<group>"; };
		E0E6C7E42B1BB19900146C5F /* ScoreView.swift */ = {isa = PBXFileReference; lastKnownFileType = sourcecode.swift; path = ScoreView.swift; sourceTree = "<group>"; };
		E0E6C7E92B1BBA2D00146C5F /* ScoreItem.swift */ = {isa = PBXFileReference; lastKnownFileType = sourcecode.swift; path = ScoreItem.swift; sourceTree = "<group>"; };
		E0E6C7EB2B1BBAFB00146C5F /* NextGameTimer.swift */ = {isa = PBXFileReference; lastKnownFileType = sourcecode.swift; path = NextGameTimer.swift; sourceTree = "<group>"; };
		E0E6C7ED2B1BC41F00146C5F /* ShareButton.swift */ = {isa = PBXFileReference; lastKnownFileType = sourcecode.swift; path = ShareButton.swift; sourceTree = "<group>"; };
		E0E6C7F02B1BC9E300146C5F /* AnswersView.swift */ = {isa = PBXFileReference; lastKnownFileType = sourcecode.swift; path = AnswersView.swift; sourceTree = "<group>"; };
		E0F913162B17A09A00BDE3F0 /* Question.swift */ = {isa = PBXFileReference; lastKnownFileType = sourcecode.swift; path = Question.swift; sourceTree = "<group>"; };
		E0F9131B2B17A3BD00BDE3F0 /* FirebaseManager.swift */ = {isa = PBXFileReference; lastKnownFileType = sourcecode.swift; path = FirebaseManager.swift; sourceTree = "<group>"; };
/* End PBXFileReference section */

/* Begin PBXFrameworksBuildPhase section */
		E091B00E2B122E1E00B78472 /* Frameworks */ = {
			isa = PBXFrameworksBuildPhase;
			buildActionMask = 2147483647;
			files = (
				E08A7F4A2B1B84E300008157 /* FirebaseAuth in Frameworks */,
				E08A7F4C2B1B84E300008157 /* FirebaseFirestore in Frameworks */,
				E08A7F4E2B1B84E300008157 /* FirebaseFirestoreSwift in Frameworks */,
			);
			runOnlyForDeploymentPostprocessing = 0;
		};
		E091B01E2B122E1F00B78472 /* Frameworks */ = {
			isa = PBXFrameworksBuildPhase;
			buildActionMask = 2147483647;
			files = (
			);
			runOnlyForDeploymentPostprocessing = 0;
		};
		E091B0282B122E1F00B78472 /* Frameworks */ = {
			isa = PBXFrameworksBuildPhase;
			buildActionMask = 2147483647;
			files = (
			);
			runOnlyForDeploymentPostprocessing = 0;
		};
/* End PBXFrameworksBuildPhase section */

/* Begin PBXGroup section */
		E0472D982B1B9D9300762B15 /* GameSummary */ = {
			isa = PBXGroup;
			children = (
				E0E6C7EF2B1BC9CC00146C5F /* AnswersView */,
				E0E6C7E82B1BBA0E00146C5F /* ScoreView */,
				E0472D9B2B1B9E0500762B15 /* GameSummaryView.swift */,
				E0E6C7E22B1BA92D00146C5F /* BottomBarView.swift */,
			);
			path = GameSummary;
			sourceTree = "<group>";
		};
		E051F2272B18DA7A000462D6 /* ModelSchemas */ = {
			isa = PBXGroup;
			children = (
				E051F2282B18DA9F000462D6 /* ModelSchemaV1.swift */,
			);
			path = ModelSchemas;
			sourceTree = "<group>";
		};
		E06B1ADA2B166BD5007F174B /* Home */ = {
			isa = PBXGroup;
			children = (
				E06B1ADB2B166BFF007F174B /* HomeView.swift */,
			);
			path = Home;
			sourceTree = "<group>";
		};
		E08BC49A2B1676E500FAE34D /* Helpers */ = {
			isa = PBXGroup;
			children = (
				E08BC49B2B16770200FAE34D /* Utils.swift */,
			);
			path = Helpers;
			sourceTree = "<group>";
		};
		E08BC49D2B167DBB00FAE34D /* Views */ = {
			isa = PBXGroup;
			children = (
				E08BC49E2B167E4200FAE34D /* HomeButton.swift */,
				E0AD04E72B1915E300F65098 /* LetterView.swift */,
				E0AD04EB2B1933C800F65098 /* GameHeader.swift */,
				E0239B9D2B1A987B0034EFE5 /* TimerView.swift */,
			);
			path = Views;
			sourceTree = "<group>";
		};
		E08BC4A42B16879600FAE34D /* Resources */ = {
			isa = PBXGroup;
			children = (
				E08BC4A52B1687C500FAE34D /* Letters.swift */,
				E0AD04E92B19161200F65098 /* View.swift */,
				E0472D962B1B8E7200762B15 /* FakeData.swift */,
			);
			path = Resources;
			sourceTree = "<group>";
		};
		E091B0082B122E1E00B78472 = {
			isa = PBXGroup;
			children = (
				E091B0132B122E1E00B78472 /* WordAdventure */,
				E091B0242B122E1F00B78472 /* WordAdventureTests */,
				E091B02E2B122E1F00B78472 /* WordAdventureUITests */,
				E091B0122B122E1E00B78472 /* Products */,
			);
			sourceTree = "<group>";
		};
		E091B0122B122E1E00B78472 /* Products */ = {
			isa = PBXGroup;
			children = (
				E091B0112B122E1E00B78472 /* WordAdventure.app */,
				E091B0212B122E1F00B78472 /* WordAdventureTests.xctest */,
				E091B02B2B122E1F00B78472 /* WordAdventureUITests.xctest */,
			);
			name = Products;
			sourceTree = "<group>";
		};
		E091B0132B122E1E00B78472 /* WordAdventure */ = {
			isa = PBXGroup;
			children = (
				E051F2272B18DA7A000462D6 /* ModelSchemas */,
				E0F9131D2B17BB7000BDE3F0 /* Screens */,
				E0F9131A2B17A3AB00BDE3F0 /* Firebase */,
				E0F913132B179BE100BDE3F0 /* Models */,
				E08BC4A42B16879600FAE34D /* Resources */,
				E08BC49D2B167DBB00FAE34D /* Views */,
				E08BC49A2B1676E500FAE34D /* Helpers */,
				E091B03E2B12321A00B78472 /* GoogleService-Info.plist */,
				E091B0142B122E1E00B78472 /* WordAdventureApp.swift */,
				E091B0162B122E1E00B78472 /* ContentView.swift */,
				E091B0182B122E1F00B78472 /* Assets.xcassets */,
				E091B01A2B122E1F00B78472 /* Preview Content */,
				E0AD04DC2B18EBDD00F65098 /* SwiftData+Typealiases.swift */,
			);
			path = WordAdventure;
			sourceTree = "<group>";
		};
		E091B01A2B122E1F00B78472 /* Preview Content */ = {
			isa = PBXGroup;
			children = (
				E091B01B2B122E1F00B78472 /* Preview Assets.xcassets */,
			);
			path = "Preview Content";
			sourceTree = "<group>";
		};
		E091B0242B122E1F00B78472 /* WordAdventureTests */ = {
			isa = PBXGroup;
			children = (
				E091B0252B122E1F00B78472 /* WordAdventureTests.swift */,
			);
			path = WordAdventureTests;
			sourceTree = "<group>";
		};
		E091B02E2B122E1F00B78472 /* WordAdventureUITests */ = {
			isa = PBXGroup;
			children = (
				E091B02F2B122E1F00B78472 /* WordAdventureUITests.swift */,
				E091B0312B122E1F00B78472 /* WordAdventureUITestsLaunchTests.swift */,
			);
			path = WordAdventureUITests;
			sourceTree = "<group>";
		};
		E0AD04DF2B19006300F65098 /* Splash */ = {
			isa = PBXGroup;
			children = (
				E0AD04E02B19007C00F65098 /* SplashView.swift */,
			);
			path = Splash;
			sourceTree = "<group>";
		};
		E0AD04E22B190C5100F65098 /* DailyGame */ = {
			isa = PBXGroup;
			children = (
				E0AD04E32B190C6700F65098 /* DailyGameView.swift */,
				E0AD04E52B190CA600F65098 /* DailyGameViewModel.swift */,
			);
			path = DailyGame;
			sourceTree = "<group>";
		};
		E0E6C7E82B1BBA0E00146C5F /* ScoreView */ = {
			isa = PBXGroup;
			children = (
				E0E6C7E42B1BB19900146C5F /* ScoreView.swift */,
				E0E6C7E92B1BBA2D00146C5F /* ScoreItem.swift */,
				E0E6C7EB2B1BBAFB00146C5F /* NextGameTimer.swift */,
				E0E6C7ED2B1BC41F00146C5F /* ShareButton.swift */,
			);
			path = ScoreView;
			sourceTree = "<group>";
		};
		E0E6C7EF2B1BC9CC00146C5F /* AnswersView */ = {
			isa = PBXGroup;
			children = (
				E0E6C7F02B1BC9E300146C5F /* AnswersView.swift */,
			);
			path = AnswersView;
			sourceTree = "<group>";
		};
		E0F913132B179BE100BDE3F0 /* Models */ = {
			isa = PBXGroup;
			children = (
				E0F913162B17A09A00BDE3F0 /* Question.swift */,
			);
			path = Models;
			sourceTree = "<group>";
		};
		E0F9131A2B17A3AB00BDE3F0 /* Firebase */ = {
			isa = PBXGroup;
			children = (
				E0F9131B2B17A3BD00BDE3F0 /* FirebaseManager.swift */,
			);
			path = Firebase;
			sourceTree = "<group>";
		};
		E0F9131D2B17BB7000BDE3F0 /* Screens */ = {
			isa = PBXGroup;
			children = (
				E0472D982B1B9D9300762B15 /* GameSummary */,
				E0AD04E22B190C5100F65098 /* DailyGame */,
				E0AD04DF2B19006300F65098 /* Splash */,
				E06B1ADA2B166BD5007F174B /* Home */,
			);
			path = Screens;
			sourceTree = "<group>";
		};
/* End PBXGroup section */

/* Begin PBXNativeTarget section */
		E091B0102B122E1E00B78472 /* WordAdventure */ = {
			isa = PBXNativeTarget;
			buildConfigurationList = E091B0352B122E1F00B78472 /* Build configuration list for PBXNativeTarget "WordAdventure" */;
			buildPhases = (
				E091B00D2B122E1E00B78472 /* Sources */,
				E091B00E2B122E1E00B78472 /* Frameworks */,
				E091B00F2B122E1E00B78472 /* Resources */,
			);
			buildRules = (
			);
			dependencies = (
			);
			name = WordAdventure;
			packageProductDependencies = (
				E08A7F492B1B84E300008157 /* FirebaseAuth */,
				E08A7F4B2B1B84E300008157 /* FirebaseFirestore */,
				E08A7F4D2B1B84E300008157 /* FirebaseFirestoreSwift */,
			);
			productName = WordAdventure;
			productReference = E091B0112B122E1E00B78472 /* WordAdventure.app */;
			productType = "com.apple.product-type.application";
		};
		E091B0202B122E1F00B78472 /* WordAdventureTests */ = {
			isa = PBXNativeTarget;
			buildConfigurationList = E091B0382B122E1F00B78472 /* Build configuration list for PBXNativeTarget "WordAdventureTests" */;
			buildPhases = (
				E091B01D2B122E1F00B78472 /* Sources */,
				E091B01E2B122E1F00B78472 /* Frameworks */,
				E091B01F2B122E1F00B78472 /* Resources */,
			);
			buildRules = (
			);
			dependencies = (
				E091B0232B122E1F00B78472 /* PBXTargetDependency */,
			);
			name = WordAdventureTests;
			productName = WordAdventureTests;
			productReference = E091B0212B122E1F00B78472 /* WordAdventureTests.xctest */;
			productType = "com.apple.product-type.bundle.unit-test";
		};
		E091B02A2B122E1F00B78472 /* WordAdventureUITests */ = {
			isa = PBXNativeTarget;
			buildConfigurationList = E091B03B2B122E1F00B78472 /* Build configuration list for PBXNativeTarget "WordAdventureUITests" */;
			buildPhases = (
				E091B0272B122E1F00B78472 /* Sources */,
				E091B0282B122E1F00B78472 /* Frameworks */,
				E091B0292B122E1F00B78472 /* Resources */,
			);
			buildRules = (
			);
			dependencies = (
				E091B02D2B122E1F00B78472 /* PBXTargetDependency */,
			);
			name = WordAdventureUITests;
			productName = WordAdventureUITests;
			productReference = E091B02B2B122E1F00B78472 /* WordAdventureUITests.xctest */;
			productType = "com.apple.product-type.bundle.ui-testing";
		};
/* End PBXNativeTarget section */

/* Begin PBXProject section */
		E091B0092B122E1E00B78472 /* Project object */ = {
			isa = PBXProject;
			attributes = {
				BuildIndependentTargetsInParallel = 1;
				LastSwiftUpdateCheck = 1500;
				LastUpgradeCheck = 1500;
				TargetAttributes = {
					E091B0102B122E1E00B78472 = {
						CreatedOnToolsVersion = 15.0.1;
					};
					E091B0202B122E1F00B78472 = {
						CreatedOnToolsVersion = 15.0.1;
						TestTargetID = E091B0102B122E1E00B78472;
					};
					E091B02A2B122E1F00B78472 = {
						CreatedOnToolsVersion = 15.0.1;
						TestTargetID = E091B0102B122E1E00B78472;
					};
				};
			};
			buildConfigurationList = E091B00C2B122E1E00B78472 /* Build configuration list for PBXProject "WordAdventure" */;
			compatibilityVersion = "Xcode 14.0";
			developmentRegion = en;
			hasScannedForEncodings = 0;
			knownRegions = (
				en,
				Base,
			);
			mainGroup = E091B0082B122E1E00B78472;
			packageReferences = (
				E08A7F482B1B84E300008157 /* XCRemoteSwiftPackageReference "firebase-ios-sdk" */,
			);
			productRefGroup = E091B0122B122E1E00B78472 /* Products */;
			projectDirPath = "";
			projectRoot = "";
			targets = (
				E091B0102B122E1E00B78472 /* WordAdventure */,
				E091B0202B122E1F00B78472 /* WordAdventureTests */,
				E091B02A2B122E1F00B78472 /* WordAdventureUITests */,
			);
		};
/* End PBXProject section */

/* Begin PBXResourcesBuildPhase section */
		E091B00F2B122E1E00B78472 /* Resources */ = {
			isa = PBXResourcesBuildPhase;
			buildActionMask = 2147483647;
			files = (
				E091B01C2B122E1F00B78472 /* Preview Assets.xcassets in Resources */,
				E091B0192B122E1F00B78472 /* Assets.xcassets in Resources */,
				E091B03F2B12321A00B78472 /* GoogleService-Info.plist in Resources */,
			);
			runOnlyForDeploymentPostprocessing = 0;
		};
		E091B01F2B122E1F00B78472 /* Resources */ = {
			isa = PBXResourcesBuildPhase;
			buildActionMask = 2147483647;
			files = (
			);
			runOnlyForDeploymentPostprocessing = 0;
		};
		E091B0292B122E1F00B78472 /* Resources */ = {
			isa = PBXResourcesBuildPhase;
			buildActionMask = 2147483647;
			files = (
			);
			runOnlyForDeploymentPostprocessing = 0;
		};
/* End PBXResourcesBuildPhase section */

/* Begin PBXSourcesBuildPhase section */
		E091B00D2B122E1E00B78472 /* Sources */ = {
			isa = PBXSourcesBuildPhase;
			buildActionMask = 2147483647;
			files = (
				E0472D972B1B8E7200762B15 /* FakeData.swift in Sources */,
				E0AD04E82B1915E300F65098 /* LetterView.swift in Sources */,
				E06B1ADC2B166BFF007F174B /* HomeView.swift in Sources */,
				E0E6C7EE2B1BC41F00146C5F /* ShareButton.swift in Sources */,
				E0E6C7E32B1BA92D00146C5F /* BottomBarView.swift in Sources */,
				E0AD04EA2B19161200F65098 /* View.swift in Sources */,
				E051F2292B18DA9F000462D6 /* ModelSchemaV1.swift in Sources */,
				E0472D9C2B1B9E0500762B15 /* GameSummaryView.swift in Sources */,
				E0F9131C2B17A3BD00BDE3F0 /* FirebaseManager.swift in Sources */,
				E0AD04E62B190CA600F65098 /* DailyGameViewModel.swift in Sources */,
				E0E6C7EA2B1BBA2D00146C5F /* ScoreItem.swift in Sources */,
				E0F913172B17A09B00BDE3F0 /* Question.swift in Sources */,
				E091B0172B122E1E00B78472 /* ContentView.swift in Sources */,
				E0E6C7E52B1BB19900146C5F /* ScoreView.swift in Sources */,
				E091B0152B122E1E00B78472 /* WordAdventureApp.swift in Sources */,
				E08BC49F2B167E4200FAE34D /* HomeButton.swift in Sources */,
				E0AD04E12B19007C00F65098 /* SplashView.swift in Sources */,
				E0E6C7EC2B1BBAFC00146C5F /* NextGameTimer.swift in Sources */,
				E0AD04DD2B18EBDD00F65098 /* SwiftData+Typealiases.swift in Sources */,
				E0E6C7F12B1BC9E300146C5F /* AnswersView.swift in Sources */,
				E08BC4A62B1687C500FAE34D /* Letters.swift in Sources */,
				E0AD04E42B190C6700F65098 /* DailyGameView.swift in Sources */,
				E08BC49C2B16770200FAE34D /* Utils.swift in Sources */,
				E0AD04EC2B1933C800F65098 /* GameHeader.swift in Sources */,
				E0239B9E2B1A987B0034EFE5 /* TimerView.swift in Sources */,
			);
			runOnlyForDeploymentPostprocessing = 0;
		};
		E091B01D2B122E1F00B78472 /* Sources */ = {
			isa = PBXSourcesBuildPhase;
			buildActionMask = 2147483647;
			files = (
				E091B0262B122E1F00B78472 /* WordAdventureTests.swift in Sources */,
			);
			runOnlyForDeploymentPostprocessing = 0;
		};
		E091B0272B122E1F00B78472 /* Sources */ = {
			isa = PBXSourcesBuildPhase;
			buildActionMask = 2147483647;
			files = (
				E091B0302B122E1F00B78472 /* WordAdventureUITests.swift in Sources */,
				E091B0322B122E1F00B78472 /* WordAdventureUITestsLaunchTests.swift in Sources */,
			);
			runOnlyForDeploymentPostprocessing = 0;
		};
/* End PBXSourcesBuildPhase section */

/* Begin PBXTargetDependency section */
		E091B0232B122E1F00B78472 /* PBXTargetDependency */ = {
			isa = PBXTargetDependency;
			target = E091B0102B122E1E00B78472 /* WordAdventure */;
			targetProxy = E091B0222B122E1F00B78472 /* PBXContainerItemProxy */;
		};
		E091B02D2B122E1F00B78472 /* PBXTargetDependency */ = {
			isa = PBXTargetDependency;
			target = E091B0102B122E1E00B78472 /* WordAdventure */;
			targetProxy = E091B02C2B122E1F00B78472 /* PBXContainerItemProxy */;
		};
/* End PBXTargetDependency section */

/* Begin XCBuildConfiguration section */
		E091B0332B122E1F00B78472 /* Debug */ = {
			isa = XCBuildConfiguration;
			buildSettings = {
				ALWAYS_SEARCH_USER_PATHS = NO;
				ASSETCATALOG_COMPILER_GENERATE_SWIFT_ASSET_SYMBOL_EXTENSIONS = YES;
				CLANG_ANALYZER_NONNULL = YES;
				CLANG_ANALYZER_NUMBER_OBJECT_CONVERSION = YES_AGGRESSIVE;
				CLANG_CXX_LANGUAGE_STANDARD = "gnu++20";
				CLANG_ENABLE_MODULES = YES;
				CLANG_ENABLE_OBJC_ARC = YES;
				CLANG_ENABLE_OBJC_WEAK = YES;
				CLANG_WARN_BLOCK_CAPTURE_AUTORELEASING = YES;
				CLANG_WARN_BOOL_CONVERSION = YES;
				CLANG_WARN_COMMA = YES;
				CLANG_WARN_CONSTANT_CONVERSION = YES;
				CLANG_WARN_DEPRECATED_OBJC_IMPLEMENTATIONS = YES;
				CLANG_WARN_DIRECT_OBJC_ISA_USAGE = YES_ERROR;
				CLANG_WARN_DOCUMENTATION_COMMENTS = YES;
				CLANG_WARN_EMPTY_BODY = YES;
				CLANG_WARN_ENUM_CONVERSION = YES;
				CLANG_WARN_INFINITE_RECURSION = YES;
				CLANG_WARN_INT_CONVERSION = YES;
				CLANG_WARN_NON_LITERAL_NULL_CONVERSION = YES;
				CLANG_WARN_OBJC_IMPLICIT_RETAIN_SELF = YES;
				CLANG_WARN_OBJC_LITERAL_CONVERSION = YES;
				CLANG_WARN_OBJC_ROOT_CLASS = YES_ERROR;
				CLANG_WARN_QUOTED_INCLUDE_IN_FRAMEWORK_HEADER = YES;
				CLANG_WARN_RANGE_LOOP_ANALYSIS = YES;
				CLANG_WARN_STRICT_PROTOTYPES = YES;
				CLANG_WARN_SUSPICIOUS_MOVE = YES;
				CLANG_WARN_UNGUARDED_AVAILABILITY = YES_AGGRESSIVE;
				CLANG_WARN_UNREACHABLE_CODE = YES;
				CLANG_WARN__DUPLICATE_METHOD_MATCH = YES;
				COPY_PHASE_STRIP = NO;
				DEBUG_INFORMATION_FORMAT = dwarf;
				ENABLE_STRICT_OBJC_MSGSEND = YES;
				ENABLE_TESTABILITY = YES;
				ENABLE_USER_SCRIPT_SANDBOXING = YES;
				GCC_C_LANGUAGE_STANDARD = gnu17;
				GCC_DYNAMIC_NO_PIC = NO;
				GCC_NO_COMMON_BLOCKS = YES;
				GCC_OPTIMIZATION_LEVEL = 0;
				GCC_PREPROCESSOR_DEFINITIONS = (
					"DEBUG=1",
					"$(inherited)",
				);
				GCC_WARN_64_TO_32_BIT_CONVERSION = YES;
				GCC_WARN_ABOUT_RETURN_TYPE = YES_ERROR;
				GCC_WARN_UNDECLARED_SELECTOR = YES;
				GCC_WARN_UNINITIALIZED_AUTOS = YES_AGGRESSIVE;
				GCC_WARN_UNUSED_FUNCTION = YES;
				GCC_WARN_UNUSED_VARIABLE = YES;
				IPHONEOS_DEPLOYMENT_TARGET = 17.0;
				LOCALIZATION_PREFERS_STRING_CATALOGS = YES;
				MTL_ENABLE_DEBUG_INFO = INCLUDE_SOURCE;
				MTL_FAST_MATH = YES;
				ONLY_ACTIVE_ARCH = YES;
				SDKROOT = iphoneos;
				SWIFT_ACTIVE_COMPILATION_CONDITIONS = "DEBUG $(inherited)";
				SWIFT_OPTIMIZATION_LEVEL = "-Onone";
			};
			name = Debug;
		};
		E091B0342B122E1F00B78472 /* Release */ = {
			isa = XCBuildConfiguration;
			buildSettings = {
				ALWAYS_SEARCH_USER_PATHS = NO;
				ASSETCATALOG_COMPILER_GENERATE_SWIFT_ASSET_SYMBOL_EXTENSIONS = YES;
				CLANG_ANALYZER_NONNULL = YES;
				CLANG_ANALYZER_NUMBER_OBJECT_CONVERSION = YES_AGGRESSIVE;
				CLANG_CXX_LANGUAGE_STANDARD = "gnu++20";
				CLANG_ENABLE_MODULES = YES;
				CLANG_ENABLE_OBJC_ARC = YES;
				CLANG_ENABLE_OBJC_WEAK = YES;
				CLANG_WARN_BLOCK_CAPTURE_AUTORELEASING = YES;
				CLANG_WARN_BOOL_CONVERSION = YES;
				CLANG_WARN_COMMA = YES;
				CLANG_WARN_CONSTANT_CONVERSION = YES;
				CLANG_WARN_DEPRECATED_OBJC_IMPLEMENTATIONS = YES;
				CLANG_WARN_DIRECT_OBJC_ISA_USAGE = YES_ERROR;
				CLANG_WARN_DOCUMENTATION_COMMENTS = YES;
				CLANG_WARN_EMPTY_BODY = YES;
				CLANG_WARN_ENUM_CONVERSION = YES;
				CLANG_WARN_INFINITE_RECURSION = YES;
				CLANG_WARN_INT_CONVERSION = YES;
				CLANG_WARN_NON_LITERAL_NULL_CONVERSION = YES;
				CLANG_WARN_OBJC_IMPLICIT_RETAIN_SELF = YES;
				CLANG_WARN_OBJC_LITERAL_CONVERSION = YES;
				CLANG_WARN_OBJC_ROOT_CLASS = YES_ERROR;
				CLANG_WARN_QUOTED_INCLUDE_IN_FRAMEWORK_HEADER = YES;
				CLANG_WARN_RANGE_LOOP_ANALYSIS = YES;
				CLANG_WARN_STRICT_PROTOTYPES = YES;
				CLANG_WARN_SUSPICIOUS_MOVE = YES;
				CLANG_WARN_UNGUARDED_AVAILABILITY = YES_AGGRESSIVE;
				CLANG_WARN_UNREACHABLE_CODE = YES;
				CLANG_WARN__DUPLICATE_METHOD_MATCH = YES;
				COPY_PHASE_STRIP = NO;
				DEBUG_INFORMATION_FORMAT = "dwarf-with-dsym";
				ENABLE_NS_ASSERTIONS = NO;
				ENABLE_STRICT_OBJC_MSGSEND = YES;
				ENABLE_USER_SCRIPT_SANDBOXING = YES;
				GCC_C_LANGUAGE_STANDARD = gnu17;
				GCC_NO_COMMON_BLOCKS = YES;
				GCC_WARN_64_TO_32_BIT_CONVERSION = YES;
				GCC_WARN_ABOUT_RETURN_TYPE = YES_ERROR;
				GCC_WARN_UNDECLARED_SELECTOR = YES;
				GCC_WARN_UNINITIALIZED_AUTOS = YES_AGGRESSIVE;
				GCC_WARN_UNUSED_FUNCTION = YES;
				GCC_WARN_UNUSED_VARIABLE = YES;
				IPHONEOS_DEPLOYMENT_TARGET = 17.0;
				LOCALIZATION_PREFERS_STRING_CATALOGS = YES;
				MTL_ENABLE_DEBUG_INFO = NO;
				MTL_FAST_MATH = YES;
				SDKROOT = iphoneos;
				SWIFT_COMPILATION_MODE = wholemodule;
				VALIDATE_PRODUCT = YES;
			};
			name = Release;
		};
		E091B0362B122E1F00B78472 /* Debug */ = {
			isa = XCBuildConfiguration;
			buildSettings = {
				ASSETCATALOG_COMPILER_APPICON_NAME = AppIcon;
				ASSETCATALOG_COMPILER_GLOBAL_ACCENT_COLOR_NAME = AccentColor;
				CODE_SIGN_STYLE = Automatic;
				CURRENT_PROJECT_VERSION = 1;
				DEVELOPMENT_ASSET_PATHS = "\"WordAdventure/Preview Content\"";
				DEVELOPMENT_TEAM = D2K63N33AC;
				ENABLE_PREVIEWS = YES;
				GENERATE_INFOPLIST_FILE = YES;
				INFOPLIST_KEY_CFBundleDisplayName = "Sözcük Serüveni";
				INFOPLIST_KEY_UIApplicationSceneManifest_Generation = YES;
				INFOPLIST_KEY_UIApplicationSupportsIndirectInputEvents = YES;
				INFOPLIST_KEY_UILaunchScreen_Generation = YES;
				INFOPLIST_KEY_UIStatusBarStyle = "";
				INFOPLIST_KEY_UISupportedInterfaceOrientations = UIInterfaceOrientationPortrait;
				LD_RUNPATH_SEARCH_PATHS = (
					"$(inherited)",
					"@executable_path/Frameworks",
				);
				MARKETING_VERSION = 1.0;
				PRODUCT_BUNDLE_IDENTIFIER = com.azizkzgn.sozcukseruveni;
				PRODUCT_NAME = "$(TARGET_NAME)";
				SWIFT_EMIT_LOC_STRINGS = YES;
				SWIFT_VERSION = 5.0;
				TARGETED_DEVICE_FAMILY = "1,2";
			};
			name = Debug;
		};
		E091B0372B122E1F00B78472 /* Release */ = {
			isa = XCBuildConfiguration;
			buildSettings = {
				ASSETCATALOG_COMPILER_APPICON_NAME = AppIcon;
				ASSETCATALOG_COMPILER_GLOBAL_ACCENT_COLOR_NAME = AccentColor;
				CODE_SIGN_STYLE = Automatic;
				CURRENT_PROJECT_VERSION = 1;
				DEVELOPMENT_ASSET_PATHS = "\"WordAdventure/Preview Content\"";
				DEVELOPMENT_TEAM = D2K63N33AC;
				ENABLE_PREVIEWS = YES;
				GENERATE_INFOPLIST_FILE = YES;
				INFOPLIST_KEY_CFBundleDisplayName = "Sözcük Serüveni";
				INFOPLIST_KEY_UIApplicationSceneManifest_Generation = YES;
				INFOPLIST_KEY_UIApplicationSupportsIndirectInputEvents = YES;
				INFOPLIST_KEY_UILaunchScreen_Generation = YES;
				INFOPLIST_KEY_UIStatusBarStyle = "";
				INFOPLIST_KEY_UISupportedInterfaceOrientations = UIInterfaceOrientationPortrait;
				LD_RUNPATH_SEARCH_PATHS = (
					"$(inherited)",
					"@executable_path/Frameworks",
				);
				MARKETING_VERSION = 1.0;
				PRODUCT_BUNDLE_IDENTIFIER = com.azizkzgn.sozcukseruveni;
				PRODUCT_NAME = "$(TARGET_NAME)";
				SWIFT_EMIT_LOC_STRINGS = YES;
				SWIFT_VERSION = 5.0;
				TARGETED_DEVICE_FAMILY = "1,2";
			};
			name = Release;
		};
		E091B0392B122E1F00B78472 /* Debug */ = {
			isa = XCBuildConfiguration;
			buildSettings = {
				ALWAYS_EMBED_SWIFT_STANDARD_LIBRARIES = YES;
				BUNDLE_LOADER = "$(TEST_HOST)";
				CODE_SIGN_STYLE = Automatic;
				CURRENT_PROJECT_VERSION = 1;
				DEVELOPMENT_TEAM = D2K63N33AC;
				GENERATE_INFOPLIST_FILE = YES;
				IPHONEOS_DEPLOYMENT_TARGET = 17.0;
				MARKETING_VERSION = 1.0;
				PRODUCT_BUNDLE_IDENTIFIER = com.azizkzgn.WordAdventureTests;
				PRODUCT_NAME = "$(TARGET_NAME)";
				SWIFT_EMIT_LOC_STRINGS = NO;
				SWIFT_VERSION = 5.0;
				TARGETED_DEVICE_FAMILY = "1,2";
				TEST_HOST = "$(BUILT_PRODUCTS_DIR)/WordAdventure.app/$(BUNDLE_EXECUTABLE_FOLDER_PATH)/WordAdventure";
			};
			name = Debug;
		};
		E091B03A2B122E1F00B78472 /* Release */ = {
			isa = XCBuildConfiguration;
			buildSettings = {
				ALWAYS_EMBED_SWIFT_STANDARD_LIBRARIES = YES;
				BUNDLE_LOADER = "$(TEST_HOST)";
				CODE_SIGN_STYLE = Automatic;
				CURRENT_PROJECT_VERSION = 1;
				DEVELOPMENT_TEAM = D2K63N33AC;
				GENERATE_INFOPLIST_FILE = YES;
				IPHONEOS_DEPLOYMENT_TARGET = 17.0;
				MARKETING_VERSION = 1.0;
				PRODUCT_BUNDLE_IDENTIFIER = com.azizkzgn.WordAdventureTests;
				PRODUCT_NAME = "$(TARGET_NAME)";
				SWIFT_EMIT_LOC_STRINGS = NO;
				SWIFT_VERSION = 5.0;
				TARGETED_DEVICE_FAMILY = "1,2";
				TEST_HOST = "$(BUILT_PRODUCTS_DIR)/WordAdventure.app/$(BUNDLE_EXECUTABLE_FOLDER_PATH)/WordAdventure";
			};
			name = Release;
		};
		E091B03C2B122E1F00B78472 /* Debug */ = {
			isa = XCBuildConfiguration;
			buildSettings = {
				ALWAYS_EMBED_SWIFT_STANDARD_LIBRARIES = YES;
				CODE_SIGN_STYLE = Automatic;
				CURRENT_PROJECT_VERSION = 1;
				DEVELOPMENT_TEAM = D2K63N33AC;
				GENERATE_INFOPLIST_FILE = YES;
				MARKETING_VERSION = 1.0;
				PRODUCT_BUNDLE_IDENTIFIER = com.azizkzgn.WordAdventureUITests;
				PRODUCT_NAME = "$(TARGET_NAME)";
				SWIFT_EMIT_LOC_STRINGS = NO;
				SWIFT_VERSION = 5.0;
				TARGETED_DEVICE_FAMILY = "1,2";
				TEST_TARGET_NAME = WordAdventure;
			};
			name = Debug;
		};
		E091B03D2B122E1F00B78472 /* Release */ = {
			isa = XCBuildConfiguration;
			buildSettings = {
				ALWAYS_EMBED_SWIFT_STANDARD_LIBRARIES = YES;
				CODE_SIGN_STYLE = Automatic;
				CURRENT_PROJECT_VERSION = 1;
				DEVELOPMENT_TEAM = D2K63N33AC;
				GENERATE_INFOPLIST_FILE = YES;
				MARKETING_VERSION = 1.0;
				PRODUCT_BUNDLE_IDENTIFIER = com.azizkzgn.WordAdventureUITests;
				PRODUCT_NAME = "$(TARGET_NAME)";
				SWIFT_EMIT_LOC_STRINGS = NO;
				SWIFT_VERSION = 5.0;
				TARGETED_DEVICE_FAMILY = "1,2";
				TEST_TARGET_NAME = WordAdventure;
			};
			name = Release;
		};
/* End XCBuildConfiguration section */

/* Begin XCConfigurationList section */
		E091B00C2B122E1E00B78472 /* Build configuration list for PBXProject "WordAdventure" */ = {
			isa = XCConfigurationList;
			buildConfigurations = (
				E091B0332B122E1F00B78472 /* Debug */,
				E091B0342B122E1F00B78472 /* Release */,
			);
			defaultConfigurationIsVisible = 0;
			defaultConfigurationName = Release;
		};
		E091B0352B122E1F00B78472 /* Build configuration list for PBXNativeTarget "WordAdventure" */ = {
			isa = XCConfigurationList;
			buildConfigurations = (
				E091B0362B122E1F00B78472 /* Debug */,
				E091B0372B122E1F00B78472 /* Release */,
			);
			defaultConfigurationIsVisible = 0;
			defaultConfigurationName = Release;
		};
		E091B0382B122E1F00B78472 /* Build configuration list for PBXNativeTarget "WordAdventureTests" */ = {
			isa = XCConfigurationList;
			buildConfigurations = (
				E091B0392B122E1F00B78472 /* Debug */,
				E091B03A2B122E1F00B78472 /* Release */,
			);
			defaultConfigurationIsVisible = 0;
			defaultConfigurationName = Release;
		};
		E091B03B2B122E1F00B78472 /* Build configuration list for PBXNativeTarget "WordAdventureUITests" */ = {
			isa = XCConfigurationList;
			buildConfigurations = (
				E091B03C2B122E1F00B78472 /* Debug */,
				E091B03D2B122E1F00B78472 /* Release */,
			);
			defaultConfigurationIsVisible = 0;
			defaultConfigurationName = Release;
		};
/* End XCConfigurationList section */

/* Begin XCRemoteSwiftPackageReference section */
		E08A7F482B1B84E300008157 /* XCRemoteSwiftPackageReference "firebase-ios-sdk" */ = {
			isa = XCRemoteSwiftPackageReference;
			repositoryURL = "https://github.com/firebase/firebase-ios-sdk";
			requirement = {
				kind = upToNextMajorVersion;
				minimumVersion = 10.18.0;
			};
		};
/* End XCRemoteSwiftPackageReference section */

/* Begin XCSwiftPackageProductDependency section */
		E08A7F492B1B84E300008157 /* FirebaseAuth */ = {
			isa = XCSwiftPackageProductDependency;
			package = E08A7F482B1B84E300008157 /* XCRemoteSwiftPackageReference "firebase-ios-sdk" */;
			productName = FirebaseAuth;
		};
		E08A7F4B2B1B84E300008157 /* FirebaseFirestore */ = {
			isa = XCSwiftPackageProductDependency;
			package = E08A7F482B1B84E300008157 /* XCRemoteSwiftPackageReference "firebase-ios-sdk" */;
			productName = FirebaseFirestore;
		};
		E08A7F4D2B1B84E300008157 /* FirebaseFirestoreSwift */ = {
			isa = XCSwiftPackageProductDependency;
			package = E08A7F482B1B84E300008157 /* XCRemoteSwiftPackageReference "firebase-ios-sdk" */;
			productName = FirebaseFirestoreSwift;
		};
/* End XCSwiftPackageProductDependency section */
	};
	rootObject = E091B0092B122E1E00B78472 /* Project object */;
}
